
Microsoft Visual Studio Solution File, Format Version 12.00
# Visual Studio Version 17
VisualStudioVersion = 17.14.36511.14 d17.14
MinimumVisualStudioVersion = 10.0.40219.1
Project("{FAE04EC0-301F-11D3-BF4B-00C04F79EFBC}") = "Evaluator.Core", "Evaluator.Core\Evaluator.Core.csproj", "{A8555A8A-C1BF-4DFD-AD06-C09A736D9D14}"
EndProject
Project("{FAE04EC0-301F-11D3-BF4B-00C04F79EFBC}") = "Evaluator.UI.Console", "Evaluator.UI.Console\Evaluator.UI.Console.csproj", "{050C1CD1-73B8-42E1-B2E8-379CDAEFB71E}"
EndProject
Project("{FAE04EC0-301F-11D3-BF4B-00C04F79EFBC}") = "Evaluator.UI.Windows", "Evaluator.UI.Windows\Evaluator.UI.Windows.csproj", "{CBF65ABF-CCB0-49EF-A432-4C8942EAED10}"
EndProject
Global
	GlobalSection(SolutionConfigurationPlatforms) = preSolution
		Debug|Any CPU = Debug|Any CPU
		Release|Any CPU = Release|Any CPU
	EndGlobalSection
	GlobalSection(ProjectConfigurationPlatforms) = postSolution
		{A8555A8A-C1BF-4DFD-AD06-C09A736D9D14}.Debug|Any CPU.ActiveCfg = Debug|Any CPU
		{A8555A8A-C1BF-4DFD-AD06-C09A736D9D14}.Debug|Any CPU.Build.0 = Debug|Any CPU
		{A8555A8A-C1BF-4DFD-AD06-C09A736D9D14}.Release|Any CPU.ActiveCfg = Release|Any CPU
		{A8555A8A-C1BF-4DFD-AD06-C09A736D9D14}.Release|Any CPU.Build.0 = Release|Any CPU
		{050C1CD1-73B8-42E1-B2E8-379CDAEFB71E}.Debug|Any CPU.ActiveCfg = Debug|Any CPU
		{050C1CD1-73B8-42E1-B2E8-379CDAEFB71E}.Debug|Any CPU.Build.0 = Debug|Any CPU
		{050C1CD1-73B8-42E1-B2E8-379CDAEFB71E}.Release|Any CPU.ActiveCfg = Release|Any CPU
		{050C1CD1-73B8-42E1-B2E8-379CDAEFB71E}.Release|Any CPU.Build.0 = Release|Any CPU
		{CBF65ABF-CCB0-49EF-A432-4C8942EAED10}.Debug|Any CPU.ActiveCfg = Debug|Any CPU
		{CBF65ABF-CCB0-49EF-A432-4C8942EAED10}.Debug|Any CPU.Build.0 = Debug|Any CPU
		{CBF65ABF-CCB0-49EF-A432-4C8942EAED10}.Release|Any CPU.ActiveCfg = Release|Any CPU
		{CBF65ABF-CCB0-49EF-A432-4C8942EAED10}.Release|Any CPU.Build.0 = Release|Any CPU
	EndGlobalSection
	GlobalSection(SolutionProperties) = preSolution
		HideSolutionNode = FALSE
	EndGlobalSection
	GlobalSection(ExtensibilityGlobals) = postSolution
		SolutionGuid = {650F65FF-4011-4AA1-BF24-1B45E28BAA16}
	EndGlobalSection
EndGlobal
